# This file is automatically @generated by Cargo.
# It is not intended for manual editing.
version = 4

[[package]]
name = "sidera"
version = "0.1.0"
dependencies = [
 "sidera-bridge",
]

[[package]]
name = "sidera-bridge"
version = "0.1.0"
dependencies = [
 "sidera-core",
]

[[package]]
name = "sidera-core"
version = "0.1.0"
